
Microsoft Visual Studio Solution File, Format Version 12.00
# Visual Studio Version 17
VisualStudioVersion = 17.0.31919.166
MinimumVisualStudioVersion = 10.0.40219.1
Project("{FAE04EC0-301F-11D3-BF4B-00C04F79EFBC}") = "Demo_EFCore_SQLite", "Demo_EFCore_SQLite\Demo_EFCore_SQLite.csproj", "{4290E009-ABB8-40D0-8F82-5CDB373FA9C3}"
EndProject
Global
	GlobalSection(SolutionConfigurationPlatforms) = preSolution
		Debug|Any CPU = Debug|Any CPU
		Release|Any CPU = Release|Any CPU
	EndGlobalSection
	GlobalSection(ProjectConfigurationPlatforms) = postSolution
		{4290E009-ABB8-40D0-8F82-5CDB373FA9C3}.Debug|Any CPU.ActiveCfg = Debug|Any CPU
		{4290E009-ABB8-40D0-8F82-5CDB373FA9C3}.Debug|Any CPU.Build.0 = Debug|Any CPU
		{4290E009-ABB8-40D0-8F82-5CDB373FA9C3}.Release|Any CPU.ActiveCfg = Release|Any CPU
		{4290E009-ABB8-40D0-8F82-5CDB373FA9C3}.Release|Any CPU.Build.0 = Release|Any CPU
	EndGlobalSection
	GlobalSection(SolutionProperties) = preSolution
		HideSolutionNode = FALSE
	EndGlobalSection
	GlobalSection(ExtensibilityGlobals) = postSolution
		SolutionGuid = {85A5A357-3FF1-419C-8197-3D862D71A31A}
	EndGlobalSection
EndGlobal
